{
  "originHash" : "0d4e9fcb8d4530f50dc928c43172a1a978d39f2033ea9caabf794ce081adb596",
  "pins" : [
    {
      "identity" : "compressionfamily",
      "kind" : "remoteSourceControl",
      "location" : "https://github.com/Raster-Lab/CompressionFamily.git",
      "state" : {
        "revision" : "30fd74b6df841cf79b1a0247534a723f5e7ab4ba",
        "version" : "1.0.0"
      }
    },
    {
      "identity" : "dicomkit",
      "kind" : "remoteSourceControl",
      "location" : "https://github.com/Raster-Lab/DICOMKit.git",
      "state" : {
        "revision" : "93ef23e6553bfb33dcd267b8e54a6f03cc172cea",
        "version" : "2.2.11"
      }
    },
    {
      "identity" : "j2kswift",
      "kind" : "remoteSourceControl",
      "location" : "https://github.com/Raster-Lab/J2KSwift.git",
      "state" : {
        "revision" : "b1949084eeedaafb40bff8f1745bbab19e4bc36d",
        "version" : "11.0.2"
      }
    },
    {
      "identity" : "jliswift",
      "kind" : "remoteSourceControl",
      "location" : "https://github.com/Raster-Lab/JLISwift.git",
      "state" : {
        "revision" : "9f1c6eb609fe6f26498db82b13df6b305630a374",
        "version" : "0.5.0"
      }
    },
    {
      "identity" : "jlswift",
      "kind" : "remoteSourceControl",
      "location" : "https://github.com/Raster-Lab/JLSwift.git",
      "state" : {
        "revision" : "53d902fec538e5c12f4ed9864c026be5da66b5dd",
        "version" : "0.9.0"
      }
    },
    {
      "identity" : "jxlswift",
      "kind" : "remoteSourceControl",
      "location" : "https://github.com/Raster-Lab/JXLSwift.git",
      "state" : {
        "revision" : "760697a54dd253da8e8466c3fd09ecf2c2d89aec",
        "version" : "1.4.0"
      }
    },
    {
      "identity" : "swift-argument-parser",
      "kind" : "remoteSourceControl",
      "location" : "https://github.com/apple/swift-argument-parser.git",
      "state" : {
        "revision" : "6a52f3251125d74daf04fcbd5e6f08a75d074382",
        "version" : "1.8.2"
      }
    }
  ],
  "version" : 3
}
